4bcac56a8c52793dd7f64e1dd718d3aee9d858fd283b4b1308eb9e753ee23012  supabase/migrations/20261003000001_foundation_helpers.sql
a531ce9e068f564ade9cbfed875cb7aff221f539ea8f2bb51ab3297acf1d6d9e  supabase/migrations/20261003000002_org_masters.sql
bcc3eb27c77fc6bcf354b3b87639eb339360e6871bf0b91c64005d55bf2657a8  supabase/migrations/20261003000003_identity_rbac.sql
401ea1ae8fb0b9a2fd53461ffc56dc2a27f7fa6a4d57340e084f4ed762204bcb  supabase/migrations/20261003000004_business_ids.sql
f394bf1b6b516c2083395ca68a5b6153602d98ca6965dec0648d91fc17d7ef81  supabase/migrations/20261003000005_audit.sql
0063023b436989ef567dcfd30f6ebfd3959d628e2b514b282232325776e4e255  supabase/migrations/20261003000006_config_metadata.sql
db2d44e60f66728c0a90843ca8c391df61fe807ae204f29eb6f311bdfb94beee  supabase/migrations/20261003000007_rls.sql
b2d286147b539cb5f5488fb71543e10a83366c9f1d4bf13ac739a05f46d4a604  supabase/migrations/20261003000008_platform_config.sql
37d5c62e2bd7312805bfca7bb1933885f057dd91f5ceaf3cbfb1a4ee58924528  supabase/migrations/20261003000009_scheduled_jobs.sql
6cd5c19d6c59deffcb2c78822190e5d1443a25859b82e516408eb1f1eda577d5  supabase/migrations/20261003000010_platform_rls_permissions.sql
dd11f0fc6c82ee898149a8163cb010504720481a3b59d6a0bc2f9863d2c04c72  supabase/migrations/20261003000011_system_seed.sql
bf92562b2627aabb1ea3936bf6042febff690d91895f5f4bbe18ae3fc7da5477  supabase/migrations/20261003000012_revoke_platform_helper_execute.sql
11f41dfbb0caaac8fca1d68b109760e512cd60cad1d907ca09d98d473c4c8efa  supabase/migrations/20261003000013_my_access_self_link.sql
