4bcac56a8c52793dd7f64e1dd718d3aee9d858fd283b4b1308eb9e753ee23012  supabase/migrations/20261003000001_foundation_helpers.sql
a531ce9e068f564ade9cbfed875cb7aff221f539ea8f2bb51ab3297acf1d6d9e  supabase/migrations/20261003000002_org_masters.sql
bcc3eb27c77fc6bcf354b3b87639eb339360e6871bf0b91c64005d55bf2657a8  supabase/migrations/20261003000003_identity_rbac.sql
401ea1ae8fb0b9a2fd53461ffc56dc2a27f7fa6a4d57340e084f4ed762204bcb  supabase/migrations/20261003000004_business_ids.sql
f394bf1b6b516c2083395ca68a5b6153602d98ca6965dec0648d91fc17d7ef81  supabase/migrations/20261003000005_audit.sql
0063023b436989ef567dcfd30f6ebfd3959d628e2b514b282232325776e4e255  supabase/migrations/20261003000006_config_metadata.sql
db2d44e60f66728c0a90843ca8c391df61fe807ae204f29eb6f311bdfb94beee  supabase/migrations/20261003000007_rls.sql
b2d286147b539cb5f5488fb71543e10a83366c9f1d4bf13ac739a05f46d4a604  supabase/migrations/20261003000008_platform_config.sql
37d5c62e2bd7312805bfca7bb1933885f057dd91f5ceaf3cbfb1a4ee58924528  supabase/migrations/20261003000009_scheduled_jobs.sql
6cd5c19d6c59deffcb2c78822190e5d1443a25859b82e516408eb1f1eda577d5  supabase/migrations/20261003000010_platform_rls_permissions.sql
dd11f0fc6c82ee898149a8163cb010504720481a3b59d6a0bc2f9863d2c04c72  supabase/migrations/20261003000011_system_seed.sql
bf92562b2627aabb1ea3936bf6042febff690d91895f5f4bbe18ae3fc7da5477  supabase/migrations/20261003000012_revoke_platform_helper_execute.sql
11f41dfbb0caaac8fca1d68b109760e512cd60cad1d907ca09d98d473c4c8efa  supabase/migrations/20261003000013_my_access_self_link.sql
be2b1a40f80554a9d8fc6365307836a0fa58b5fc5082f8518a51ecf778fa9240  supabase/migrations/20261003000014_compliance_masters.sql
c0c918fe939743ea27e28583073174d1ee9b565502bd0b9c13718e9cc977c706  supabase/migrations/20261003000015_applicability_matrix.sql
1531abb5cf3e4f137dbedead2425725ada18f26a514093fb990286fb8bb4d1c3  supabase/migrations/20261003000016_licences.sql
421c36bf9d14f2fcb15272a6bb073a6b75483ae0f67a8875c5496eeb98b4a470  supabase/migrations/20261003000017_compliance_instances.sql
94f5d435c0eea8390632ee06169ffb40d55b68134e7f55e89c088ed15a44442c  supabase/migrations/20261003000018_evidence.sql
7d744f3ea542694e96fe9c9f962a2c98575d17282bb63a60a2181bb806da915c  supabase/migrations/20261003000019_exceptions.sql
7a19938be87bd9266f360835e11801daaf36aefdc103fdd8076b597c4136fd18  supabase/migrations/20261003000020_alerts.sql
2e54f411ab02b992aadf2595dc5c20d77472167687d1a5520d64544d02d02b7d  supabase/migrations/20261003000021_dashboard.sql
9824ebe50c82e27b0bdcc5cb62a1dcda28a0cec839af5775ccdfa43902272f69  supabase/migrations/20261003000022_status_rpcs.sql
33ca885a37e06bc3e255aed51c2d13439565914af47fb7b5d386d61e7612f912  supabase/migrations/20261003000023_alert_unroutable.sql
9be12f5878ddbd155dd20d6670931ca0ad5199c3aa338d1c30d679794cd19370  supabase/migrations/20261003000024_applicability_scope.sql
2209be38d1c6bc10b3cdeb9313dca0fb8d7b3a83e5d601dbb0371eb05d0dfbef  supabase/migrations/20261003000025_rule_change_reconciliation.sql
d822116f05a1b627c4226c14f8e89282337396fe3d4560e98ec39a44c92872f3  supabase/migrations/20261003000026_master_data_admin.sql
a6dfc1b953753303c3cd1c1551769be155eb4c7b5ba29cc34d6b23532fc9b4ee  supabase/migrations/20261003000027_coverage_view.sql
8d8bcaba2c82d75f31389ab5e6ff24b931eb5bad68ca3dcd6f85416798fa517a  supabase/migrations/20261003000028_config_admin_guards.sql
002def9320d58abd8c0c81b3a502392833fa7278c33e1e3a97917928d0543a4f  supabase/migrations/20261003000029_evidence_requirement_config.sql
a98185be5fef821aa13efe273753ceaa1e72673d24049b537bab87463cc55ce1  supabase/migrations/20261003000030_alert_rule_views.sql
5cc4ff1212c30df0dccab2efba87e987ce4b52d9877973ae99cc3e2f0bfd9527  supabase/migrations/20261003000031_import_framework.sql
5db83e5f5c23fd0c1c306a7741955230b0bfbc8d3a9bde24a9c02926fb975d66  supabase/migrations/20261003000032_job_monitor.sql
8784164d7a1a9f8a2316f3cfca35bdfb47aa2951bd246a5c87cc57c5cb93e4ab  supabase/migrations/20261003000033_user_role_admin.sql
f9c3e4a83e470c7b1d92e4164cc8a5619d5fd53be76676b7e4a1fd92b852b201  supabase/migrations/20261003000034_owner_fallback_routing.sql
8af0c6aa2e5148754c5d934c1774439f647fc36f1db082a090ff7f5042ef582d  supabase/migrations/20261003000035_job_enable_guard.sql
fbc4191cdda01bf4028987a727d3a792d1e2b2be408152fe8c45707a9461324a  supabase/migrations/20261003000036_register_export.sql
2d0885886d569eef35c37eb30f92ad6b536b1c2618a3d269260aac4fce88d519  supabase/migrations/20261003000037_compliance_reports.sql
e3add363463da6cd22ef5dfa918413689cfb00fc170bd3077ba92eff5f3eb95c  supabase/migrations/20261003000038_management_dashboard.sql
